
Microsoft Visual Studio Solution File, Format Version 12.00
# Visual Studio 15
VisualStudioVersion = 15.0.26730.12
MinimumVisualStudioVersion = 10.0.40219.1
Project("{FAE04EC0-301F-11D3-BF4B-00C04F79EFBC}") = "MMonitorLib", "MMonitorLib\MMonitorLib.csproj", "{8E6F5C53-18E8-4406-8081-7AC8BAE4A165}"
EndProject
Project("{2150E333-8FDC-42A3-9474-1A3956D46DE8}") = "About", "About", "{DB0210D6-1B53-4624-B45E-78A479578877}"
	ProjectSection(SolutionItems) = preProject
		CentralService.txt = CentralService.txt
		CentralServiceLib.txt = CentralServiceLib.txt
		ClientDesktop.txt = ClientDesktop.txt
		CollectorService.txt = CollectorService.txt
		MachineLearning.txt = MachineLearning.txt
		MMonitorLib.txt = MMonitorLib.txt
		MMonitorWebApp.txt = MMonitorWebApp.txt
		SourcesUploader.txt = SourcesUploader.txt
	EndProjectSection
EndProject
Project("{2150E333-8FDC-42A3-9474-1A3956D46DE8}") = "Tests", "Tests", "{9EAC8A82-1FC7-41D6-8237-75DFE7A0ED66}"
EndProject
Project("{FAE04EC0-301F-11D3-BF4B-00C04F79EFBC}") = "ClientDesktopApp", "ClientDesktopApp\ClientDesktopApp.csproj", "{704BE02E-DBBE-430F-AFB2-8197E3E738FE}"
EndProject
Project("{FAE04EC0-301F-11D3-BF4B-00C04F79EFBC}") = "CollectorService", "CollectorService\CollectorService.csproj", "{561FB27A-C7B2-4F24-99E5-D0398127F3C9}"
EndProject
Project("{FAE04EC0-301F-11D3-BF4B-00C04F79EFBC}") = "MachineLearning", "MachineLearning\MachineLearning.csproj", "{9864F8BA-DF5F-4A82-841A-05431A0588FF}"
EndProject
Project("{FAE04EC0-301F-11D3-BF4B-00C04F79EFBC}") = "MMonitorWebApp", "MMonitorWebApp\MMonitorWebApp.csproj", "{77F8512C-CAAA-4F56-9B9A-42C3C5D88FB6}"
EndProject
Project("{FAE04EC0-301F-11D3-BF4B-00C04F79EFBC}") = "SourcesUploader", "SourcesUploader\SourcesUploader.csproj", "{BEE3AA4F-D4D4-4120-8B4D-29BE7DAC6B72}"
EndProject
Project("{FAE04EC0-301F-11D3-BF4B-00C04F79EFBC}") = "CentralService", "CentralService\CentralService.csproj", "{C03658AA-EDAD-43F6-81DB-E6FA7C5352CD}"
EndProject
Project("{FAE04EC0-301F-11D3-BF4B-00C04F79EFBC}") = "CentralServiceLib", "CentralServiceLib\CentralServiceLib.csproj", "{7D142981-C621-460A-BA8C-7A4D61B8E766}"
EndProject
Project("{2150E333-8FDC-42A3-9474-1A3956D46DE8}") = "Solution Items", "Solution Items", "{316AB97E-D206-4B54-AA6D-7A20D873A732}"
EndProject
Project("{FAE04EC0-301F-11D3-BF4B-00C04F79EFBC}") = "CentralServiceLibTests", "CentralServiceLibTests\CentralServiceLibTests.csproj", "{3B821347-8CBA-4C95-999A-E411134065A6}"
EndProject
Global
	GlobalSection(SolutionConfigurationPlatforms) = preSolution
		Debug|Any CPU = Debug|Any CPU
		Release|Any CPU = Release|Any CPU
	EndGlobalSection
	GlobalSection(ProjectConfigurationPlatforms) = postSolution
		{8E6F5C53-18E8-4406-8081-7AC8BAE4A165}.Debug|Any CPU.ActiveCfg = Debug|Any CPU
		{8E6F5C53-18E8-4406-8081-7AC8BAE4A165}.Debug|Any CPU.Build.0 = Debug|Any CPU
		{8E6F5C53-18E8-4406-8081-7AC8BAE4A165}.Release|Any CPU.ActiveCfg = Release|Any CPU
		{8E6F5C53-18E8-4406-8081-7AC8BAE4A165}.Release|Any CPU.Build.0 = Release|Any CPU
		{704BE02E-DBBE-430F-AFB2-8197E3E738FE}.Debug|Any CPU.ActiveCfg = Debug|Any CPU
		{704BE02E-DBBE-430F-AFB2-8197E3E738FE}.Debug|Any CPU.Build.0 = Debug|Any CPU
		{704BE02E-DBBE-430F-AFB2-8197E3E738FE}.Release|Any CPU.ActiveCfg = Release|Any CPU
		{704BE02E-DBBE-430F-AFB2-8197E3E738FE}.Release|Any CPU.Build.0 = Release|Any CPU
		{561FB27A-C7B2-4F24-99E5-D0398127F3C9}.Debug|Any CPU.ActiveCfg = Debug|Any CPU
		{561FB27A-C7B2-4F24-99E5-D0398127F3C9}.Debug|Any CPU.Build.0 = Debug|Any CPU
		{561FB27A-C7B2-4F24-99E5-D0398127F3C9}.Release|Any CPU.ActiveCfg = Release|Any CPU
		{561FB27A-C7B2-4F24-99E5-D0398127F3C9}.Release|Any CPU.Build.0 = Release|Any CPU
		{9864F8BA-DF5F-4A82-841A-05431A0588FF}.Debug|Any CPU.ActiveCfg = Debug|Any CPU
		{9864F8BA-DF5F-4A82-841A-05431A0588FF}.Debug|Any CPU.Build.0 = Debug|Any CPU
		{9864F8BA-DF5F-4A82-841A-05431A0588FF}.Release|Any CPU.ActiveCfg = Release|Any CPU
		{9864F8BA-DF5F-4A82-841A-05431A0588FF}.Release|Any CPU.Build.0 = Release|Any CPU
		{77F8512C-CAAA-4F56-9B9A-42C3C5D88FB6}.Debug|Any CPU.ActiveCfg = Debug|Any CPU
		{77F8512C-CAAA-4F56-9B9A-42C3C5D88FB6}.Debug|Any CPU.Build.0 = Debug|Any CPU
		{77F8512C-CAAA-4F56-9B9A-42C3C5D88FB6}.Release|Any CPU.ActiveCfg = Release|Any CPU
		{77F8512C-CAAA-4F56-9B9A-42C3C5D88FB6}.Release|Any CPU.Build.0 = Release|Any CPU
		{BEE3AA4F-D4D4-4120-8B4D-29BE7DAC6B72}.Debug|Any CPU.ActiveCfg = Debug|Any CPU
		{BEE3AA4F-D4D4-4120-8B4D-29BE7DAC6B72}.Debug|Any CPU.Build.0 = Debug|Any CPU
		{BEE3AA4F-D4D4-4120-8B4D-29BE7DAC6B72}.Release|Any CPU.ActiveCfg = Release|Any CPU
		{BEE3AA4F-D4D4-4120-8B4D-29BE7DAC6B72}.Release|Any CPU.Build.0 = Release|Any CPU
		{C03658AA-EDAD-43F6-81DB-E6FA7C5352CD}.Debug|Any CPU.ActiveCfg = Debug|Any CPU
		{C03658AA-EDAD-43F6-81DB-E6FA7C5352CD}.Debug|Any CPU.Build.0 = Debug|Any CPU
		{C03658AA-EDAD-43F6-81DB-E6FA7C5352CD}.Release|Any CPU.ActiveCfg = Release|Any CPU
		{C03658AA-EDAD-43F6-81DB-E6FA7C5352CD}.Release|Any CPU.Build.0 = Release|Any CPU
		{7D142981-C621-460A-BA8C-7A4D61B8E766}.Debug|Any CPU.ActiveCfg = Debug|Any CPU
		{7D142981-C621-460A-BA8C-7A4D61B8E766}.Debug|Any CPU.Build.0 = Debug|Any CPU
		{7D142981-C621-460A-BA8C-7A4D61B8E766}.Release|Any CPU.ActiveCfg = Release|Any CPU
		{7D142981-C621-460A-BA8C-7A4D61B8E766}.Release|Any CPU.Build.0 = Release|Any CPU
		{3B821347-8CBA-4C95-999A-E411134065A6}.Debug|Any CPU.ActiveCfg = Debug|Any CPU
		{3B821347-8CBA-4C95-999A-E411134065A6}.Debug|Any CPU.Build.0 = Debug|Any CPU
		{3B821347-8CBA-4C95-999A-E411134065A6}.Release|Any CPU.ActiveCfg = Release|Any CPU
		{3B821347-8CBA-4C95-999A-E411134065A6}.Release|Any CPU.Build.0 = Release|Any CPU
	EndGlobalSection
	GlobalSection(SolutionProperties) = preSolution
		HideSolutionNode = FALSE
	EndGlobalSection
	GlobalSection(NestedProjects) = preSolution
		{3B821347-8CBA-4C95-999A-E411134065A6} = {9EAC8A82-1FC7-41D6-8237-75DFE7A0ED66}
	EndGlobalSection
	GlobalSection(ExtensibilityGlobals) = postSolution
		SolutionGuid = {86B2A7AA-44FF-4FA6-A625-817CA6E9F8AA}
	EndGlobalSection
EndGlobal
