
Microsoft Visual Studio Solution File, Format Version 12.00
# Visual Studio 15
VisualStudioVersion = 15.0.26730.12
MinimumVisualStudioVersion = 10.0.40219.1
Project("{FAE04EC0-301F-11D3-BF4B-00C04F79EFBC}") = "MMonitorLib", "MMonitorLib\MMonitorLib.csproj", "{8E6F5C53-18E8-4406-8081-7AC8BAE4A165}"
EndProject
Global
	GlobalSection(SolutionConfigurationPlatforms) = preSolution
		Debug|Any CPU = Debug|Any CPU
		Release|Any CPU = Release|Any CPU
	EndGlobalSection
	GlobalSection(ProjectConfigurationPlatforms) = postSolution
		{8E6F5C53-18E8-4406-8081-7AC8BAE4A165}.Debug|Any CPU.ActiveCfg = Debug|Any CPU
		{8E6F5C53-18E8-4406-8081-7AC8BAE4A165}.Debug|Any CPU.Build.0 = Debug|Any CPU
		{8E6F5C53-18E8-4406-8081-7AC8BAE4A165}.Release|Any CPU.ActiveCfg = Release|Any CPU
		{8E6F5C53-18E8-4406-8081-7AC8BAE4A165}.Release|Any CPU.Build.0 = Release|Any CPU
	EndGlobalSection
	GlobalSection(SolutionProperties) = preSolution
		HideSolutionNode = FALSE
	EndGlobalSection
	GlobalSection(ExtensibilityGlobals) = postSolution
		SolutionGuid = {86B2A7AA-44FF-4FA6-A625-817CA6E9F8AA}
	EndGlobalSection
EndGlobal
